
Microsoft Visual Studio Solution File, Format Version 12.00
# Visual Studio Version 16
VisualStudioVersion = 16.0.30803.129
MinimumVisualStudioVersion = 10.0.40219.1
Project("{FAE04EC0-301F-11D3-BF4B-00C04F79EFBC}") = "PrimerApi", "PrimerApi\PrimerApi.csproj", "{6D7E4FF2-1522-48E4-AB5D-44705179ED75}"
EndProject
Project("{FAE04EC0-301F-11D3-BF4B-00C04F79EFBC}") = "NetCoreFundamentals", "NetCoreFundamentals\NetCoreFundamentals.csproj", "{9FED0CA3-FA27-4CB0-860F-75911D90F022}"
EndProject
Global
	GlobalSection(SolutionConfigurationPlatforms) = preSolution
		Debug|Any CPU = Debug|Any CPU
		Release|Any CPU = Release|Any CPU
	EndGlobalSection
	GlobalSection(ProjectConfigurationPlatforms) = postSolution
		{6D7E4FF2-1522-48E4-AB5D-44705179ED75}.Debug|Any CPU.ActiveCfg = Debug|Any CPU
		{6D7E4FF2-1522-48E4-AB5D-44705179ED75}.Debug|Any CPU.Build.0 = Debug|Any CPU
		{6D7E4FF2-1522-48E4-AB5D-44705179ED75}.Release|Any CPU.ActiveCfg = Release|Any CPU
		{6D7E4FF2-1522-48E4-AB5D-44705179ED75}.Release|Any CPU.Build.0 = Release|Any CPU
		{9FED0CA3-FA27-4CB0-860F-75911D90F022}.Debug|Any CPU.ActiveCfg = Debug|Any CPU
		{9FED0CA3-FA27-4CB0-860F-75911D90F022}.Debug|Any CPU.Build.0 = Debug|Any CPU
		{9FED0CA3-FA27-4CB0-860F-75911D90F022}.Release|Any CPU.ActiveCfg = Release|Any CPU
		{9FED0CA3-FA27-4CB0-860F-75911D90F022}.Release|Any CPU.Build.0 = Release|Any CPU
	EndGlobalSection
	GlobalSection(SolutionProperties) = preSolution
		HideSolutionNode = FALSE
	EndGlobalSection
	GlobalSection(ExtensibilityGlobals) = postSolution
		SolutionGuid = {B103808D-49C9-4CF8-BFB1-8B7585E0FC8E}
	EndGlobalSection
EndGlobal
